
Microsoft Visual Studio Solution File, Format Version 12.00
# Visual Studio Version 16
VisualStudioVersion = 16.0.31410.223
MinimumVisualStudioVersion = 10.0.40219.1
Project("{9A19103F-16F7-4668-BE54-9A1E7A4F7556}") = "BakeryChallengeConsole", "TallyGroupBakery\BakeryChallengeConsole.csproj", "{20B6382C-66E2-4F8F-BCEC-1F6FCABE5C63}"
EndProject
Project("{9A19103F-16F7-4668-BE54-9A1E7A4F7556}") = "BakeryProduceCalculator", "BakeryProduceCalculator\BakeryProduceCalculator.csproj", "{C4F1312A-F278-4FCF-AA51-EFD4ACB88BC9}"
EndProject
Project("{9A19103F-16F7-4668-BE54-9A1E7A4F7556}") = "BakeryProduceTests", "BakeryProduceTests\BakeryProduceTests.csproj", "{B489261E-8639-47CE-B5DA-5BFE3FFC392B}"
EndProject
Global
	GlobalSection(SolutionConfigurationPlatforms) = preSolution
		Debug|Any CPU = Debug|Any CPU
		Release|Any CPU = Release|Any CPU
	EndGlobalSection
	GlobalSection(ProjectConfigurationPlatforms) = postSolution
		{20B6382C-66E2-4F8F-BCEC-1F6FCABE5C63}.Debug|Any CPU.ActiveCfg = Debug|Any CPU
		{20B6382C-66E2-4F8F-BCEC-1F6FCABE5C63}.Debug|Any CPU.Build.0 = Debug|Any CPU
		{20B6382C-66E2-4F8F-BCEC-1F6FCABE5C63}.Release|Any CPU.ActiveCfg = Release|Any CPU
		{20B6382C-66E2-4F8F-BCEC-1F6FCABE5C63}.Release|Any CPU.Build.0 = Release|Any CPU
		{C4F1312A-F278-4FCF-AA51-EFD4ACB88BC9}.Debug|Any CPU.ActiveCfg = Debug|Any CPU
		{C4F1312A-F278-4FCF-AA51-EFD4ACB88BC9}.Debug|Any CPU.Build.0 = Debug|Any CPU
		{C4F1312A-F278-4FCF-AA51-EFD4ACB88BC9}.Release|Any CPU.ActiveCfg = Release|Any CPU
		{C4F1312A-F278-4FCF-AA51-EFD4ACB88BC9}.Release|Any CPU.Build.0 = Release|Any CPU
		{B489261E-8639-47CE-B5DA-5BFE3FFC392B}.Debug|Any CPU.ActiveCfg = Debug|Any CPU
		{B489261E-8639-47CE-B5DA-5BFE3FFC392B}.Debug|Any CPU.Build.0 = Debug|Any CPU
		{B489261E-8639-47CE-B5DA-5BFE3FFC392B}.Release|Any CPU.ActiveCfg = Release|Any CPU
		{B489261E-8639-47CE-B5DA-5BFE3FFC392B}.Release|Any CPU.Build.0 = Release|Any CPU
	EndGlobalSection
	GlobalSection(SolutionProperties) = preSolution
		HideSolutionNode = FALSE
	EndGlobalSection
	GlobalSection(ExtensibilityGlobals) = postSolution
		SolutionGuid = {5CB9C39E-CF35-4280-AB28-E96830EB5F5B}
	EndGlobalSection
EndGlobal
